
Microsoft Visual Studio Solution File, Format Version 12.00
Project("{FAE04EC0-301F-11D3-BF4B-00C04F79EFBC}") = "No_sync", "No_sync\No_sync.csproj", "{40920179-897B-4EF5-92DB-4B58D9C6E7A9}"
EndProject
Project("{FAE04EC0-301F-11D3-BF4B-00C04F79EFBC}") = "Lock", "Lock\Lock.csproj", "{9B3DDCB1-BB8F-411C-9B7A-617F125C3988}"
EndProject
Project("{FAE04EC0-301F-11D3-BF4B-00C04F79EFBC}") = "DoubleLock", "DoubleLock\DoubleLock.csproj", "{74CD0B73-871A-445F-85FF-903A83022630}"
EndProject
Project("{FAE04EC0-301F-11D3-BF4B-00C04F79EFBC}") = "Auto_Reset", "Auto_Reset\Auto_Reset.csproj", "{33C1D39F-046B-490D-9D42-86372196D995}"
EndProject
Project("{FAE04EC0-301F-11D3-BF4B-00C04F79EFBC}") = "Manual_eventSlim", "Manual_eventSlim\Manual_eventSlim.csproj", "{E5DF3E39-00F1-4C5E-B201-BFE067910695}"
EndProject
Project("{FAE04EC0-301F-11D3-BF4B-00C04F79EFBC}") = "Interlock", "Interlock\Interlock.csproj", "{D2111684-BE33-46D1-90F7-9BEA44F17F9E}"
EndProject
Project("{FAE04EC0-301F-11D3-BF4B-00C04F79EFBC}") = "DoubleIfMonitor", "DoubleIfMonitor\DoubleIfMonitor.csproj", "{EC2A6204-3A25-483B-BA99-55708DE37C7A}"
EndProject
Global
	GlobalSection(SolutionConfigurationPlatforms) = preSolution
		Debug|Any CPU = Debug|Any CPU
		Release|Any CPU = Release|Any CPU
	EndGlobalSection
	GlobalSection(ProjectConfigurationPlatforms) = postSolution
		{40920179-897B-4EF5-92DB-4B58D9C6E7A9}.Debug|Any CPU.ActiveCfg = Debug|Any CPU
		{40920179-897B-4EF5-92DB-4B58D9C6E7A9}.Debug|Any CPU.Build.0 = Debug|Any CPU
		{40920179-897B-4EF5-92DB-4B58D9C6E7A9}.Release|Any CPU.ActiveCfg = Release|Any CPU
		{40920179-897B-4EF5-92DB-4B58D9C6E7A9}.Release|Any CPU.Build.0 = Release|Any CPU
		{9B3DDCB1-BB8F-411C-9B7A-617F125C3988}.Debug|Any CPU.ActiveCfg = Debug|Any CPU
		{9B3DDCB1-BB8F-411C-9B7A-617F125C3988}.Debug|Any CPU.Build.0 = Debug|Any CPU
		{9B3DDCB1-BB8F-411C-9B7A-617F125C3988}.Release|Any CPU.ActiveCfg = Release|Any CPU
		{9B3DDCB1-BB8F-411C-9B7A-617F125C3988}.Release|Any CPU.Build.0 = Release|Any CPU
		{74CD0B73-871A-445F-85FF-903A83022630}.Debug|Any CPU.ActiveCfg = Debug|Any CPU
		{74CD0B73-871A-445F-85FF-903A83022630}.Debug|Any CPU.Build.0 = Debug|Any CPU
		{74CD0B73-871A-445F-85FF-903A83022630}.Release|Any CPU.ActiveCfg = Release|Any CPU
		{74CD0B73-871A-445F-85FF-903A83022630}.Release|Any CPU.Build.0 = Release|Any CPU
		{33C1D39F-046B-490D-9D42-86372196D995}.Debug|Any CPU.ActiveCfg = Debug|Any CPU
		{33C1D39F-046B-490D-9D42-86372196D995}.Debug|Any CPU.Build.0 = Debug|Any CPU
		{33C1D39F-046B-490D-9D42-86372196D995}.Release|Any CPU.ActiveCfg = Release|Any CPU
		{33C1D39F-046B-490D-9D42-86372196D995}.Release|Any CPU.Build.0 = Release|Any CPU
		{E5DF3E39-00F1-4C5E-B201-BFE067910695}.Debug|Any CPU.ActiveCfg = Debug|Any CPU
		{E5DF3E39-00F1-4C5E-B201-BFE067910695}.Debug|Any CPU.Build.0 = Debug|Any CPU
		{E5DF3E39-00F1-4C5E-B201-BFE067910695}.Release|Any CPU.ActiveCfg = Release|Any CPU
		{E5DF3E39-00F1-4C5E-B201-BFE067910695}.Release|Any CPU.Build.0 = Release|Any CPU
		{D2111684-BE33-46D1-90F7-9BEA44F17F9E}.Debug|Any CPU.ActiveCfg = Debug|Any CPU
		{D2111684-BE33-46D1-90F7-9BEA44F17F9E}.Debug|Any CPU.Build.0 = Debug|Any CPU
		{D2111684-BE33-46D1-90F7-9BEA44F17F9E}.Release|Any CPU.ActiveCfg = Release|Any CPU
		{D2111684-BE33-46D1-90F7-9BEA44F17F9E}.Release|Any CPU.Build.0 = Release|Any CPU
		{EC2A6204-3A25-483B-BA99-55708DE37C7A}.Debug|Any CPU.ActiveCfg = Debug|Any CPU
		{EC2A6204-3A25-483B-BA99-55708DE37C7A}.Debug|Any CPU.Build.0 = Debug|Any CPU
		{EC2A6204-3A25-483B-BA99-55708DE37C7A}.Release|Any CPU.ActiveCfg = Release|Any CPU
		{EC2A6204-3A25-483B-BA99-55708DE37C7A}.Release|Any CPU.Build.0 = Release|Any CPU
	EndGlobalSection
EndGlobal
